
Microsoft Visual Studio Solution File, Format Version 12.00
# Visual Studio 15
VisualStudioVersion = 15.0.26124.0
MinimumVisualStudioVersion = 15.0.26124.0
Project("{2150E333-8FDC-42A3-9474-1A3956D46DE8}") = "src", "src", "{79656D5A-77B0-4285-99C8-C709F2A5AC03}"
EndProject
Project("{FAE04EC0-301F-11D3-BF4B-00C04F79EFBC}") = "The-Ray-Tracer-Challenge", "src\The-Ray-Tracer-Challenge\The-Ray-Tracer-Challenge.csproj", "{DF96338D-E42D-4BCD-9A29-69BF098E32D0}"
EndProject
Project("{2150E333-8FDC-42A3-9474-1A3956D46DE8}") = "test", "test", "{8404FD8F-DFB6-4C3F-99B5-D8054DA80626}"
EndProject
Project("{FAE04EC0-301F-11D3-BF4B-00C04F79EFBC}") = "The-Ray-Tracer-Challenge.Tests", "test\The-Ray-Tracer-Challenge.Tests\The-Ray-Tracer-Challenge.Tests.csproj", "{51837C36-746C-4B34-909D-09E888A1E3F8}"
EndProject
Project("{2150E333-8FDC-42A3-9474-1A3956D46DE8}") = "samples", "samples", "{83E42C35-B877-44D5-BF52-127BF41623AC}"
EndProject
Project("{FAE04EC0-301F-11D3-BF4B-00C04F79EFBC}") = "Projectile", "samples\Projectile\Projectile.csproj", "{5826D25C-EEFA-4D4D-B6E5-2AA902E9CABE}"
EndProject
Global
	GlobalSection(SolutionConfigurationPlatforms) = preSolution
		Debug|Any CPU = Debug|Any CPU
		Debug|x64 = Debug|x64
		Debug|x86 = Debug|x86
		Release|Any CPU = Release|Any CPU
		Release|x64 = Release|x64
		Release|x86 = Release|x86
	EndGlobalSection
	GlobalSection(SolutionProperties) = preSolution
		HideSolutionNode = FALSE
	EndGlobalSection
	GlobalSection(ProjectConfigurationPlatforms) = postSolution
		{DF96338D-E42D-4BCD-9A29-69BF098E32D0}.Debug|Any CPU.ActiveCfg = Debug|Any CPU
		{DF96338D-E42D-4BCD-9A29-69BF098E32D0}.Debug|Any CPU.Build.0 = Debug|Any CPU
		{DF96338D-E42D-4BCD-9A29-69BF098E32D0}.Debug|x64.ActiveCfg = Debug|Any CPU
		{DF96338D-E42D-4BCD-9A29-69BF098E32D0}.Debug|x64.Build.0 = Debug|Any CPU
		{DF96338D-E42D-4BCD-9A29-69BF098E32D0}.Debug|x86.ActiveCfg = Debug|Any CPU
		{DF96338D-E42D-4BCD-9A29-69BF098E32D0}.Debug|x86.Build.0 = Debug|Any CPU
		{DF96338D-E42D-4BCD-9A29-69BF098E32D0}.Release|Any CPU.ActiveCfg = Release|Any CPU
		{DF96338D-E42D-4BCD-9A29-69BF098E32D0}.Release|Any CPU.Build.0 = Release|Any CPU
		{DF96338D-E42D-4BCD-9A29-69BF098E32D0}.Release|x64.ActiveCfg = Release|Any CPU
		{DF96338D-E42D-4BCD-9A29-69BF098E32D0}.Release|x64.Build.0 = Release|Any CPU
		{DF96338D-E42D-4BCD-9A29-69BF098E32D0}.Release|x86.ActiveCfg = Release|Any CPU
		{DF96338D-E42D-4BCD-9A29-69BF098E32D0}.Release|x86.Build.0 = Release|Any CPU
		{51837C36-746C-4B34-909D-09E888A1E3F8}.Debug|Any CPU.ActiveCfg = Debug|Any CPU
		{51837C36-746C-4B34-909D-09E888A1E3F8}.Debug|Any CPU.Build.0 = Debug|Any CPU
		{51837C36-746C-4B34-909D-09E888A1E3F8}.Debug|x64.ActiveCfg = Debug|Any CPU
		{51837C36-746C-4B34-909D-09E888A1E3F8}.Debug|x64.Build.0 = Debug|Any CPU
		{51837C36-746C-4B34-909D-09E888A1E3F8}.Debug|x86.ActiveCfg = Debug|Any CPU
		{51837C36-746C-4B34-909D-09E888A1E3F8}.Debug|x86.Build.0 = Debug|Any CPU
		{51837C36-746C-4B34-909D-09E888A1E3F8}.Release|Any CPU.ActiveCfg = Release|Any CPU
		{51837C36-746C-4B34-909D-09E888A1E3F8}.Release|Any CPU.Build.0 = Release|Any CPU
		{51837C36-746C-4B34-909D-09E888A1E3F8}.Release|x64.ActiveCfg = Release|Any CPU
		{51837C36-746C-4B34-909D-09E888A1E3F8}.Release|x64.Build.0 = Release|Any CPU
		{51837C36-746C-4B34-909D-09E888A1E3F8}.Release|x86.ActiveCfg = Release|Any CPU
		{51837C36-746C-4B34-909D-09E888A1E3F8}.Release|x86.Build.0 = Release|Any CPU
		{5826D25C-EEFA-4D4D-B6E5-2AA902E9CABE}.Debug|Any CPU.ActiveCfg = Debug|Any CPU
		{5826D25C-EEFA-4D4D-B6E5-2AA902E9CABE}.Debug|Any CPU.Build.0 = Debug|Any CPU
		{5826D25C-EEFA-4D4D-B6E5-2AA902E9CABE}.Debug|x64.ActiveCfg = Debug|Any CPU
		{5826D25C-EEFA-4D4D-B6E5-2AA902E9CABE}.Debug|x64.Build.0 = Debug|Any CPU
		{5826D25C-EEFA-4D4D-B6E5-2AA902E9CABE}.Debug|x86.ActiveCfg = Debug|Any CPU
		{5826D25C-EEFA-4D4D-B6E5-2AA902E9CABE}.Debug|x86.Build.0 = Debug|Any CPU
		{5826D25C-EEFA-4D4D-B6E5-2AA902E9CABE}.Release|Any CPU.ActiveCfg = Release|Any CPU
		{5826D25C-EEFA-4D4D-B6E5-2AA902E9CABE}.Release|Any CPU.Build.0 = Release|Any CPU
		{5826D25C-EEFA-4D4D-B6E5-2AA902E9CABE}.Release|x64.ActiveCfg = Release|Any CPU
		{5826D25C-EEFA-4D4D-B6E5-2AA902E9CABE}.Release|x64.Build.0 = Release|Any CPU
		{5826D25C-EEFA-4D4D-B6E5-2AA902E9CABE}.Release|x86.ActiveCfg = Release|Any CPU
		{5826D25C-EEFA-4D4D-B6E5-2AA902E9CABE}.Release|x86.Build.0 = Release|Any CPU
	EndGlobalSection
	GlobalSection(NestedProjects) = preSolution
		{DF96338D-E42D-4BCD-9A29-69BF098E32D0} = {79656D5A-77B0-4285-99C8-C709F2A5AC03}
		{51837C36-746C-4B34-909D-09E888A1E3F8} = {8404FD8F-DFB6-4C3F-99B5-D8054DA80626}
		{5826D25C-EEFA-4D4D-B6E5-2AA902E9CABE} = {83E42C35-B877-44D5-BF52-127BF41623AC}
	EndGlobalSection
EndGlobal
